// !$*UTF8*$!
{
	archiveVersion = 1;
	classes = {
	};
	objectVersion = 46;
	objects = {

/* Begin PBXBuildFile section */
		F568DBD51A8D39C000987065 /* TeamCoordinator.m in Sources */ = {isa = PBXBuildFile; fileRef = F568DBD41A8D39C000987065 /* TeamCoordinator.m */; };
		F568DBD81A8D3CB800987065 /* OWTeamCoordinatorTableViewController.m in Sources */ = {isa = PBXBuildFile; fileRef = F568DBD71A8D3CB800987065 /* OWTeamCoordinatorTableViewController.m */; };
		F568DBDA1A8D3FB600987065 /* jsonscriptTeamCoordinators.php in Resources */ = {isa = PBXBuildFile; fileRef = F568DBD91A8D3FB600987065 /* jsonscriptTeamCoordinators.php */; };
		F59C508E1A8E974700627F3A /* MessageUI.framework in Frameworks */ = {isa = PBXBuildFile; fileRef = F59C508D1A8E974700627F3A /* MessageUI.framework */; };
		F5C56128196865B100E0E0C5 /* OWSpaceDataViewController.m in Sources */ = {isa = PBXBuildFile; fileRef = F5C56127196865B100E0E0C5 /* OWSpaceDataViewController.m */; };
		F5D9F6571A208E5A00F46104 /* AVFoundation.framework in Frameworks */ = {isa = PBXBuildFile; fileRef = F5D9F6561A208E5A00F46104 /* AVFoundation.framework */; };
		F5D9F6591A20900F00F46104 /* Lighting Strike and Thunder Sound Effect.mp3 in Resources */ = {isa = PBXBuildFile; fileRef = F5D9F6581A20900F00F46104 /* Lighting Strike and Thunder Sound Effect.mp3 */; };
		F5D9F6601A20B41400F46104 /* Pause Symbol.png in Resources */ = {isa = PBXBuildFile; fileRef = F5D9F65E1A20B41400F46104 /* Pause Symbol.png */; };
		F5D9F6611A20B41400F46104 /* Stop Symbol.png in Resources */ = {isa = PBXBuildFile; fileRef = F5D9F65F1A20B41400F46104 /* Stop Symbol.png */; };
		F5D9F6631A20B44300F46104 /* Hanuman.jpg in Resources */ = {isa = PBXBuildFile; fileRef = F5D9F6621A20B44300F46104 /* Hanuman.jpg */; };
		F5D9F6651A20B4F000F46104 /* 220px-Om_svg.png in Resources */ = {isa = PBXBuildFile; fileRef = F5D9F6641A20B4F000F46104 /* 220px-Om_svg.png */; };
		F5D9F6741A20BC2A00F46104 /* OWAudioViewController.m in Sources */ = {isa = PBXBuildFile; fileRef = F5D9F6731A20BC2A00F46104 /* OWAudioViewController.m */; };
		F5D9F6781A2231A300F46104 /* Play.png in Resources */ = {isa = PBXBuildFile; fileRef = F5D9F6771A2231A300F46104 /* Play.png */; };
		F5D9F6B51A224E2700F46104 /* OWAudioPlayer.m in Sources */ = {isa = PBXBuildFile; fileRef = F5D9F6B41A224E2700F46104 /* OWAudioPlayer.m */; };
		F5D9F6BA1A225B8100F46104 /* audioplayer_play.png in Resources */ = {isa = PBXBuildFile; fileRef = F5D9F6B81A225B8100F46104 /* audioplayer_play.png */; };
		F5D9F6BB1A225B8100F46104 /* audioplayer_pause.png in Resources */ = {isa = PBXBuildFile; fileRef = F5D9F6B91A225B8100F46104 /* audioplayer_pause.png */; };
		F86DABCA1962EB2200084C2D /* Foundation.framework in Frameworks */ = {isa = PBXBuildFile; fileRef = F86DABC91962EB2200084C2D /* Foundation.framework */; };
		F86DABCC1962EB2200084C2D /* CoreGraphics.framework in Frameworks */ = {isa = PBXBuildFile; fileRef = F86DABCB1962EB2200084C2D /* CoreGraphics.framework */; };
		F86DABCE1962EB2200084C2D /* UIKit.framework in Frameworks */ = {isa = PBXBuildFile; fileRef = F86DABCD1962EB2200084C2D /* UIKit.framework */; };
		F86DABD41962EB2200084C2D /* InfoPlist.strings in Resources */ = {isa = PBXBuildFile; fileRef = F86DABD21962EB2200084C2D /* InfoPlist.strings */; };
		F86DABD61962EB2200084C2D /* main.m in Sources */ = {isa = PBXBuildFile; fileRef = F86DABD51962EB2200084C2D /* main.m */; };
		F86DABDA1962EB2200084C2D /* OWAppDelegate.m in Sources */ = {isa = PBXBuildFile; fileRef = F86DABD91962EB2200084C2D /* OWAppDelegate.m */; };
		F86DABDD1962EB2200084C2D /* Main.storyboard in Resources */ = {isa = PBXBuildFile; fileRef = F86DABDB1962EB2200084C2D /* Main.storyboard */; };
		F86DABE21962EB2200084C2D /* Images.xcassets in Resources */ = {isa = PBXBuildFile; fileRef = F86DABE11962EB2200084C2D /* Images.xcassets */; };
		F86DABE91962EB2200084C2D /* XCTest.framework in Frameworks */ = {isa = PBXBuildFile; fileRef = F86DABE81962EB2200084C2D /* XCTest.framework */; };
		F86DABEA1962EB2200084C2D /* Foundation.framework in Frameworks */ = {isa = PBXBuildFile; fileRef = F86DABC91962EB2200084C2D /* Foundation.framework */; };
		F86DABEB1962EB2200084C2D /* UIKit.framework in Frameworks */ = {isa = PBXBuildFile; fileRef = F86DABCD1962EB2200084C2D /* UIKit.framework */; };
		F86DABF31962EB2200084C2D /* InfoPlist.strings in Resources */ = {isa = PBXBuildFile; fileRef = F86DABF11962EB2200084C2D /* InfoPlist.strings */; };
		F86DABF51962EB2200084C2D /* Out_of_the_WorldTests.m in Sources */ = {isa = PBXBuildFile; fileRef = F86DABF41962EB2200084C2D /* Out_of_the_WorldTests.m */; };
		F8AE2F291962EC0000BE6FA6 /* OWOuterSpaceTableViewController.m in Sources */ = {isa = PBXBuildFile; fileRef = F8AE2F281962EC0000BE6FA6 /* OWOuterSpaceTableViewController.m */; };
		F8AE2F2C1962FBD000BE6FA6 /* AstronomicalData.m in Sources */ = {isa = PBXBuildFile; fileRef = F8AE2F2B1962FBD000BE6FA6 /* AstronomicalData.m */; };
		F8AE2F371963016800BE6FA6 /* Earth.jpg in Resources */ = {isa = PBXBuildFile; fileRef = F8AE2F2D1963016800BE6FA6 /* Earth.jpg */; };
		F8AE2F381963016800BE6FA6 /* EinsteinRing.jpg in Resources */ = {isa = PBXBuildFile; fileRef = F8AE2F2E1963016800BE6FA6 /* EinsteinRing.jpg */; };
		F8AE2F391963016800BE6FA6 /* Jupiter.jpg in Resources */ = {isa = PBXBuildFile; fileRef = F8AE2F2F1963016800BE6FA6 /* Jupiter.jpg */; };
		F8AE2F3A1963016800BE6FA6 /* Mars.jpg in Resources */ = {isa = PBXBuildFile; fileRef = F8AE2F301963016800BE6FA6 /* Mars.jpg */; };
		F8AE2F3B1963016800BE6FA6 /* Mercury.jpg in Resources */ = {isa = PBXBuildFile; fileRef = F8AE2F311963016800BE6FA6 /* Mercury.jpg */; };
		F8AE2F3C1963016800BE6FA6 /* Neptune.jpg in Resources */ = {isa = PBXBuildFile; fileRef = F8AE2F321963016800BE6FA6 /* Neptune.jpg */; };
		F8AE2F3D1963016800BE6FA6 /* Orion.jpg in Resources */ = {isa = PBXBuildFile; fileRef = F8AE2F331963016800BE6FA6 /* Orion.jpg */; };
		F8AE2F3E1963016800BE6FA6 /* Saturn.jpg in Resources */ = {isa = PBXBuildFile; fileRef = F8AE2F341963016800BE6FA6 /* Saturn.jpg */; };
		F8AE2F3F1963016800BE6FA6 /* Uranus.jpg in Resources */ = {isa = PBXBuildFile; fileRef = F8AE2F351963016800BE6FA6 /* Uranus.jpg */; };
		F8AE2F401963016800BE6FA6 /* Venus.jpg in Resources */ = {isa = PBXBuildFile; fileRef = F8AE2F361963016800BE6FA6 /* Venus.jpg */; };
		F8AE2F431963019900BE6FA6 /* OWSpaceObject.m in Sources */ = {isa = PBXBuildFile; fileRef = F8AE2F421963019900BE6FA6 /* OWSpaceObject.m */; };
		F8AE2F461963220F00BE6FA6 /* OWSpaceImageViewController.m in Sources */ = {isa = PBXBuildFile; fileRef = F8AE2F451963220F00BE6FA6 /* OWSpaceImageViewController.m */; };
/* End PBXBuildFile section */

/* Begin PBXContainerItemProxy section */
		F86DABEC1962EB2200084C2D /* PBXContainerItemProxy */ = {
			isa = PBXContainerItemProxy;
			containerPortal = F86DABBE1962EB2200084C2D /* Project object */;
			proxyType = 1;
			remoteGlobalIDString = F86DABC51962EB2200084C2D;
			remoteInfo = "Out of the World";
		};
/* End PBXContainerItemProxy section */

/* Begin PBXFileReference section */
		F568DBD31A8D38B500987065 /* TeamCoordinator.h */ = {isa = PBXFileReference; lastKnownFileType = sourcecode.c.h; path = TeamCoordinator.h; sourceTree = "<group>"; };
		F568DBD41A8D39C000987065 /* TeamCoordinator.m */ = {isa = PBXFileReference; fileEncoding = 4; lastKnownFileType = sourcecode.c.objc; path = TeamCoordinator.m; sourceTree = "<group>"; };
		F568DBD61A8D3CB800987065 /* OWTeamCoordinatorTableViewController.h */ = {isa = PBXFileReference; fileEncoding = 4; lastKnownFileType = sourcecode.c.h; path = OWTeamCoordinatorTableViewController.h; sourceTree = "<group>"; };
		F568DBD71A8D3CB800987065 /* OWTeamCoordinatorTableViewController.m */ = {isa = PBXFileReference; fileEncoding = 4; lastKnownFileType = sourcecode.c.objc; path = OWTeamCoordinatorTableViewController.m; sourceTree = "<group>"; };
		F568DBD91A8D3FB600987065 /* jsonscriptTeamCoordinators.php */ = {isa = PBXFileReference; fileEncoding = 4; lastKnownFileType = text.script.php; path = jsonscriptTeamCoordinators.php; sourceTree = "<group>"; };
		F59C508D1A8E974700627F3A /* MessageUI.framework */ = {isa = PBXFileReference; lastKnownFileType = wrapper.framework; name = MessageUI.framework; path = System/Library/Frameworks/MessageUI.framework; sourceTree = SDKROOT; };
		F5C56126196865B100E0E0C5 /* OWSpaceDataViewController.h */ = {isa = PBXFileReference; fileEncoding = 4; lastKnownFileType = sourcecode.c.h; path = OWSpaceDataViewController.h; sourceTree = "<group>"; };
		F5C56127196865B100E0E0C5 /* OWSpaceDataViewController.m */ = {isa = PBXFileReference; fileEncoding = 4; lastKnownFileType = sourcecode.c.objc; path = OWSpaceDataViewController.m; sourceTree = "<group>"; };
		F5D9F6561A208E5A00F46104 /* AVFoundation.framework */ = {isa = PBXFileReference; lastKnownFileType = wrapper.framework; name = AVFoundation.framework; path = System/Library/Frameworks/AVFoundation.framework; sourceTree = SDKROOT; };
		F5D9F6581A20900F00F46104 /* Lighting Strike and Thunder Sound Effect.mp3 */ = {isa = PBXFileReference; lastKnownFileType = audio.mp3; path = "Lighting Strike and Thunder Sound Effect.mp3"; sourceTree = SOURCE_ROOT; };
		F5D9F65E1A20B41400F46104 /* Pause Symbol.png */ = {isa = PBXFileReference; lastKnownFileType = image.png; path = "Pause Symbol.png"; sourceTree = SOURCE_ROOT; };
		F5D9F65F1A20B41400F46104 /* Stop Symbol.png */ = {isa = PBXFileReference; lastKnownFileType = image.png; path = "Stop Symbol.png"; sourceTree = SOURCE_ROOT; };
		F5D9F6621A20B44300F46104 /* Hanuman.jpg */ = {isa = PBXFileReference; lastKnownFileType = image.jpeg; path = Hanuman.jpg; sourceTree = SOURCE_ROOT; };
		F5D9F6641A20B4F000F46104 /* 220px-Om_svg.png */ = {isa = PBXFileReference; lastKnownFileType = image.png; path = "220px-Om_svg.png"; sourceTree = SOURCE_ROOT; };
		F5D9F6721A20BC2A00F46104 /* OWAudioViewController.h */ = {isa = PBXFileReference; fileEncoding = 4; lastKnownFileType = sourcecode.c.h; path = OWAudioViewController.h; sourceTree = "<group>"; };
		F5D9F6731A20BC2A00F46104 /* OWAudioViewController.m */ = {isa = PBXFileReference; fileEncoding = 4; lastKnownFileType = sourcecode.c.objc; path = OWAudioViewController.m; sourceTree = "<group>"; };
		F5D9F6771A2231A300F46104 /* Play.png */ = {isa = PBXFileReference; lastKnownFileType = image.png; path = Play.png; sourceTree = SOURCE_ROOT; };
		F5D9F6B41A224E2700F46104 /* OWAudioPlayer.m */ = {isa = PBXFileReference; fileEncoding = 4; lastKnownFileType = sourcecode.c.objc; path = OWAudioPlayer.m; sourceTree = "<group>"; };
		F5D9F6B61A224E6100F46104 /* OWAudioPlayer.h */ = {isa = PBXFileReference; lastKnownFileType = sourcecode.c.h; path = OWAudioPlayer.h; sourceTree = "<group>"; };
		F5D9F6B81A225B8100F46104 /* audioplayer_play.png */ = {isa = PBXFileReference; lastKnownFileType = image.png; name = audioplayer_play.png; path = "../../../ios-audio-player-master/AudioPlayerTemplate/audioplayer_play.png"; sourceTree = "<group>"; };
		F5D9F6B91A225B8100F46104 /* audioplayer_pause.png */ = {isa = PBXFileReference; lastKnownFileType = image.png; name = audioplayer_pause.png; path = "../../../ios-audio-player-master/AudioPlayerTemplate/audioplayer_pause.png"; sourceTree = "<group>"; };
		F86DABC61962EB2200084C2D /* Out of the World 1.app */ = {isa = PBXFileReference; explicitFileType = wrapper.application; includeInIndex = 0; path = "Out of the World 1.app"; sourceTree = BUILT_PRODUCTS_DIR; };
		F86DABC91962EB2200084C2D /* Foundation.framework */ = {isa = PBXFileReference; lastKnownFileType = wrapper.framework; name = Foundation.framework; path = System/Library/Frameworks/Foundation.framework; sourceTree = SDKROOT; };
		F86DABCB1962EB2200084C2D /* CoreGraphics.framework */ = {isa = PBXFileReference; lastKnownFileType = wrapper.framework; name = CoreGraphics.framework; path = System/Library/Frameworks/CoreGraphics.framework; sourceTree = SDKROOT; };
		F86DABCD1962EB2200084C2D /* UIKit.framework */ = {isa = PBXFileReference; lastKnownFileType = wrapper.framework; name = UIKit.framework; path = System/Library/Frameworks/UIKit.framework; sourceTree = SDKROOT; };
		F86DABD11962EB2200084C2D /* Out of the World 1-Info.plist */ = {isa = PBXFileReference; lastKnownFileType = text.plist.xml; path = "Out of the World 1-Info.plist"; sourceTree = "<group>"; };
		F86DABD31962EB2200084C2D /* en */ = {isa = PBXFileReference; lastKnownFileType = text.plist.strings; name = en; path = en.lproj/InfoPlist.strings; sourceTree = "<group>"; };
		F86DABD51962EB2200084C2D /* main.m */ = {isa = PBXFileReference; lastKnownFileType = sourcecode.c.objc; path = main.m; sourceTree = "<group>"; };
		F86DABD71962EB2200084C2D /* Out of the World 1-Prefix.pch */ = {isa = PBXFileReference; lastKnownFileType = sourcecode.c.h; path = "Out of the World 1-Prefix.pch"; sourceTree = "<group>"; };
		F86DABD81962EB2200084C2D /* OWAppDelegate.h */ = {isa = PBXFileReference; lastKnownFileType = sourcecode.c.h; name = OWAppDelegate.h; path = "Out of the World/OWAppDelegate.h"; sourceTree = "<group>"; };
		F86DABD91962EB2200084C2D /* OWAppDelegate.m */ = {isa = PBXFileReference; lastKnownFileType = sourcecode.c.objc; name = OWAppDelegate.m; path = "Out of the World/OWAppDelegate.m"; sourceTree = "<group>"; };
		F86DABDC1962EB2200084C2D /* Base */ = {isa = PBXFileReference; lastKnownFileType = file.storyboard; name = Base; path = Base.lproj/Main.storyboard; sourceTree = "<group>"; };
		F86DABE11962EB2200084C2D /* Images.xcassets */ = {isa = PBXFileReference; lastKnownFileType = folder.assetcatalog; name = Images.xcassets; path = "Out of the World/Images.xcassets"; sourceTree = "<group>"; };
		F86DABE71962EB2200084C2D /* Out of the World 1Tests.xctest */ = {isa = PBXFileReference; explicitFileType = wrapper.cfbundle; includeInIndex = 0; path = "Out of the World 1Tests.xctest"; sourceTree = BUILT_PRODUCTS_DIR; };
		F86DABE81962EB2200084C2D /* XCTest.framework */ = {isa = PBXFileReference; lastKnownFileType = wrapper.framework; name = XCTest.framework; path = Library/Frameworks/XCTest.framework; sourceTree = DEVELOPER_DIR; };
		F86DABF01962EB2200084C2D /* Out of the World 1Tests-Info.plist */ = {isa = PBXFileReference; lastKnownFileType = text.plist.xml; path = "Out of the World 1Tests-Info.plist"; sourceTree = "<group>"; };
		F86DABF21962EB2200084C2D /* en */ = {isa = PBXFileReference; lastKnownFileType = text.plist.strings; name = en; path = en.lproj/InfoPlist.strings; sourceTree = "<group>"; };
		F86DABF41962EB2200084C2D /* Out_of_the_WorldTests.m */ = {isa = PBXFileReference; lastKnownFileType = sourcecode.c.objc; path = Out_of_the_WorldTests.m; sourceTree = "<group>"; };
		F8AE2F271962EC0000BE6FA6 /* OWOuterSpaceTableViewController.h */ = {isa = PBXFileReference; fileEncoding = 4; lastKnownFileType = sourcecode.c.h; path = OWOuterSpaceTableViewController.h; sourceTree = "<group>"; };
		F8AE2F281962EC0000BE6FA6 /* OWOuterSpaceTableViewController.m */ = {isa = PBXFileReference; fileEncoding = 4; lastKnownFileType = sourcecode.c.objc; path = OWOuterSpaceTableViewController.m; sourceTree = "<group>"; };
		F8AE2F2A1962FBD000BE6FA6 /* AstronomicalData.h */ = {isa = PBXFileReference; fileEncoding = 4; lastKnownFileType = sourcecode.c.h; path = AstronomicalData.h; sourceTree = "<group>"; };
		F8AE2F2B1962FBD000BE6FA6 /* AstronomicalData.m */ = {isa = PBXFileReference; fileEncoding = 4; lastKnownFileType = sourcecode.c.objc; path = AstronomicalData.m; sourceTree = "<group>"; };
		F8AE2F2D1963016800BE6FA6 /* Earth.jpg */ = {isa = PBXFileReference; lastKnownFileType = image.jpeg; path = Earth.jpg; sourceTree = "<group>"; };
		F8AE2F2E1963016800BE6FA6 /* EinsteinRing.jpg */ = {isa = PBXFileReference; lastKnownFileType = image.jpeg; path = EinsteinRing.jpg; sourceTree = "<group>"; };
		F8AE2F2F1963016800BE6FA6 /* Jupiter.jpg */ = {isa = PBXFileReference; lastKnownFileType = image.jpeg; path = Jupiter.jpg; sourceTree = "<group>"; };
		F8AE2F301963016800BE6FA6 /* Mars.jpg */ = {isa = PBXFileReference; lastKnownFileType = image.jpeg; path = Mars.jpg; sourceTree = "<group>"; };
		F8AE2F311963016800BE6FA6 /* Mercury.jpg */ = {isa = PBXFileReference; lastKnownFileType = image.jpeg; path = Mercury.jpg; sourceTree = "<group>"; };
		F8AE2F321963016800BE6FA6 /* Neptune.jpg */ = {isa = PBXFileReference; lastKnownFileType = image.jpeg; path = Neptune.jpg; sourceTree = "<group>"; };
		F8AE2F331963016800BE6FA6 /* Orion.jpg */ = {isa = PBXFileReference; lastKnownFileType = image.jpeg; path = Orion.jpg; sourceTree = "<group>"; };
		F8AE2F341963016800BE6FA6 /* Saturn.jpg */ = {isa = PBXFileReference; lastKnownFileType = image.jpeg; path = Saturn.jpg; sourceTree = "<group>"; };
		F8AE2F351963016800BE6FA6 /* Uranus.jpg */ = {isa = PBXFileReference; lastKnownFileType = image.jpeg; path = Uranus.jpg; sourceTree = "<group>"; };
		F8AE2F361963016800BE6FA6 /* Venus.jpg */ = {isa = PBXFileReference; lastKnownFileType = image.jpeg; path = Venus.jpg; sourceTree = "<group>"; };
		F8AE2F411963019900BE6FA6 /* OWSpaceObject.h */ = {isa = PBXFileReference; fileEncoding = 4; lastKnownFileType = sourcecode.c.h; name = OWSpaceObject.h; path = "Out of the World/OWSpaceObject.h"; sourceTree = "<group>"; };
		F8AE2F421963019900BE6FA6 /* OWSpaceObject.m */ = {isa = PBXFileReference; fileEncoding = 4; lastKnownFileType = sourcecode.c.objc; name = OWSpaceObject.m; path = "Out of the World/OWSpaceObject.m"; sourceTree = "<group>"; };
		F8AE2F441963220F00BE6FA6 /* OWSpaceImageViewController.h */ = {isa = PBXFileReference; fileEncoding = 4; lastKnownFileType = sourcecode.c.h; name = OWSpaceImageViewController.h; path = "Out of the World/OWSpaceImageViewController.h"; sourceTree = "<group>"; };
		F8AE2F451963220F00BE6FA6 /* OWSpaceImageViewController.m */ = {isa = PBXFileReference; fileEncoding = 4; lastKnownFileType = sourcecode.c.objc; name = OWSpaceImageViewController.m; path = "Out of the World/OWSpaceImageViewController.m"; sourceTree = "<group>"; };
/* End PBXFileReference section */

/* Begin PBXFrameworksBuildPhase section */
		F86DABC31962EB2200084C2D /* Frameworks */ = {
			isa = PBXFrameworksBuildPhase;
			buildActionMask = 2147483647;
			files = (
				F59C508E1A8E974700627F3A /* MessageUI.framework in Frameworks */,
				F5D9F6571A208E5A00F46104 /* AVFoundation.framework in Frameworks */,
				F86DABCC1962EB2200084C2D /* CoreGraphics.framework in Frameworks */,
				F86DABCE1962EB2200084C2D /* UIKit.framework in Frameworks */,
				F86DABCA1962EB2200084C2D /* Foundation.framework in Frameworks */,
			);
			runOnlyForDeploymentPostprocessing = 0;
		};
		F86DABE41962EB2200084C2D /* Frameworks */ = {
			isa = PBXFrameworksBuildPhase;
			buildActionMask = 2147483647;
			files = (
				F86DABE91962EB2200084C2D /* XCTest.framework in Frameworks */,
				F86DABEB1962EB2200084C2D /* UIKit.framework in Frameworks */,
				F86DABEA1962EB2200084C2D /* Foundation.framework in Frameworks */,
			);
			runOnlyForDeploymentPostprocessing = 0;
		};
/* End PBXFrameworksBuildPhase section */

/* Begin PBXGroup section */
		F5D9F6B71A224E7200F46104 /* Music Player */ = {
			isa = PBXGroup;
			children = (
				F5D9F6B41A224E2700F46104 /* OWAudioPlayer.m */,
				F5D9F6B61A224E6100F46104 /* OWAudioPlayer.h */,
			);
			name = "Music Player";
			sourceTree = "<group>";
		};
		F86DABBD1962EB2200084C2D = {
			isa = PBXGroup;
			children = (
				F5D9F6721A20BC2A00F46104 /* OWAudioViewController.h */,
				F5D9F6731A20BC2A00F46104 /* OWAudioViewController.m */,
				F5D9F6B71A224E7200F46104 /* Music Player */,
				F86DABD81962EB2200084C2D /* OWAppDelegate.h */,
				F86DABD91962EB2200084C2D /* OWAppDelegate.m */,
				F86DABDB1962EB2200084C2D /* Main.storyboard */,
				F568DBD31A8D38B500987065 /* TeamCoordinator.h */,
				F568DBD41A8D39C000987065 /* TeamCoordinator.m */,
				F568DBD61A8D3CB800987065 /* OWTeamCoordinatorTableViewController.h */,
				F568DBD71A8D3CB800987065 /* OWTeamCoordinatorTableViewController.m */,
				F5C56126196865B100E0E0C5 /* OWSpaceDataViewController.h */,
				F5C56127196865B100E0E0C5 /* OWSpaceDataViewController.m */,
				F8AE2F441963220F00BE6FA6 /* OWSpaceImageViewController.h */,
				F8AE2F451963220F00BE6FA6 /* OWSpaceImageViewController.m */,
				F8AE2F271962EC0000BE6FA6 /* OWOuterSpaceTableViewController.h */,
				F8AE2F281962EC0000BE6FA6 /* OWOuterSpaceTableViewController.m */,
				F8AE2F411963019900BE6FA6 /* OWSpaceObject.h */,
				F8AE2F421963019900BE6FA6 /* OWSpaceObject.m */,
				F568DBD91A8D3FB600987065 /* jsonscriptTeamCoordinators.php */,
				F86DABE11962EB2200084C2D /* Images.xcassets */,
				F86DABD01962EB2200084C2D /* Supporting Files */,
				F86DABEE1962EB2200084C2D /* Out of the WorldTests */,
				F86DABC81962EB2200084C2D /* Frameworks */,
				F86DABC71962EB2200084C2D /* Products */,
			);
			sourceTree = "<group>";
		};
		F86DABC71962EB2200084C2D /* Products */ = {
			isa = PBXGroup;
			children = (
				F86DABC61962EB2200084C2D /* Out of the World 1.app */,
				F86DABE71962EB2200084C2D /* Out of the World 1Tests.xctest */,
			);
			name = Products;
			sourceTree = "<group>";
		};
		F86DABC81962EB2200084C2D /* Frameworks */ = {
			isa = PBXGroup;
			children = (
				F59C508D1A8E974700627F3A /* MessageUI.framework */,
				F5D9F6561A208E5A00F46104 /* AVFoundation.framework */,
				F86DABC91962EB2200084C2D /* Foundation.framework */,
				F86DABCB1962EB2200084C2D /* CoreGraphics.framework */,
				F86DABCD1962EB2200084C2D /* UIKit.framework */,
				F86DABE81962EB2200084C2D /* XCTest.framework */,
			);
			name = Frameworks;
			sourceTree = "<group>";
		};
		F86DABD01962EB2200084C2D /* Supporting Files */ = {
			isa = PBXGroup;
			children = (
				F5D9F6B81A225B8100F46104 /* audioplayer_play.png */,
				F5D9F6B91A225B8100F46104 /* audioplayer_pause.png */,
				F5D9F6621A20B44300F46104 /* Hanuman.jpg */,
				F5D9F6641A20B4F000F46104 /* 220px-Om_svg.png */,
				F5D9F6581A20900F00F46104 /* Lighting Strike and Thunder Sound Effect.mp3 */,
				F5D9F6771A2231A300F46104 /* Play.png */,
				F5D9F65E1A20B41400F46104 /* Pause Symbol.png */,
				F5D9F65F1A20B41400F46104 /* Stop Symbol.png */,
				F8AE2F2D1963016800BE6FA6 /* Earth.jpg */,
				F8AE2F2E1963016800BE6FA6 /* EinsteinRing.jpg */,
				F8AE2F2F1963016800BE6FA6 /* Jupiter.jpg */,
				F8AE2F301963016800BE6FA6 /* Mars.jpg */,
				F8AE2F311963016800BE6FA6 /* Mercury.jpg */,
				F8AE2F321963016800BE6FA6 /* Neptune.jpg */,
				F8AE2F331963016800BE6FA6 /* Orion.jpg */,
				F8AE2F341963016800BE6FA6 /* Saturn.jpg */,
				F8AE2F351963016800BE6FA6 /* Uranus.jpg */,
				F8AE2F361963016800BE6FA6 /* Venus.jpg */,
				F8AE2F2A1962FBD000BE6FA6 /* AstronomicalData.h */,
				F8AE2F2B1962FBD000BE6FA6 /* AstronomicalData.m */,
				F86DABD11962EB2200084C2D /* Out of the World 1-Info.plist */,
				F86DABD21962EB2200084C2D /* InfoPlist.strings */,
				F86DABD51962EB2200084C2D /* main.m */,
				F86DABD71962EB2200084C2D /* Out of the World 1-Prefix.pch */,
			);
			name = "Supporting Files";
			path = "Out of the World";
			sourceTree = "<group>";
		};
		F86DABEE1962EB2200084C2D /* Out of the WorldTests */ = {
			isa = PBXGroup;
			children = (
				F86DABF41962EB2200084C2D /* Out_of_the_WorldTests.m */,
				F86DABEF1962EB2200084C2D /* Supporting Files */,
			);
			path = "Out of the WorldTests";
			sourceTree = "<group>";
		};
		F86DABEF1962EB2200084C2D /* Supporting Files */ = {
			isa = PBXGroup;
			children = (
				F86DABF01962EB2200084C2D /* Out of the World 1Tests-Info.plist */,
				F86DABF11962EB2200084C2D /* InfoPlist.strings */,
			);
			name = "Supporting Files";
			sourceTree = "<group>";
		};
/* End PBXGroup section */

/* Begin PBXNativeTarget section */
		F86DABC51962EB2200084C2D /* Out of the World 1 */ = {
			isa = PBXNativeTarget;
			buildConfigurationList = F86DABF81962EB2200084C2D /* Build configuration list for PBXNativeTarget "Out of the World 1" */;
			buildPhases = (
				F86DABC21962EB2200084C2D /* Sources */,
				F86DABC31962EB2200084C2D /* Frameworks */,
				F86DABC41962EB2200084C2D /* Resources */,
			);
			buildRules = (
			);
			dependencies = (
			);
			name = "Out of the World 1";
			productName = "Out of the World";
			productReference = F86DABC61962EB2200084C2D /* Out of the World 1.app */;
			productType = "com.apple.product-type.application";
		};
		F86DABE61962EB2200084C2D /* Out of the World 1Tests */ = {
			isa = PBXNativeTarget;
			buildConfigurationList = F86DABFB1962EB2200084C2D /* Build configuration list for PBXNativeTarget "Out of the World 1Tests" */;
			buildPhases = (
				F86DABE31962EB2200084C2D /* Sources */,
				F86DABE41962EB2200084C2D /* Frameworks */,
				F86DABE51962EB2200084C2D /* Resources */,
			);
			buildRules = (
			);
			dependencies = (
				F86DABED1962EB2200084C2D /* PBXTargetDependency */,
			);
			name = "Out of the World 1Tests";
			productName = "Out of the WorldTests";
			productReference = F86DABE71962EB2200084C2D /* Out of the World 1Tests.xctest */;
			productType = "com.apple.product-type.bundle.unit-test";
		};
/* End PBXNativeTarget section */

/* Begin PBXProject section */
		F86DABBE1962EB2200084C2D /* Project object */ = {
			isa = PBXProject;
			attributes = {
				CLASSPREFIX = OW;
				LastUpgradeCheck = 0510;
				ORGANIZATIONNAME = DivyeshBC;
				TargetAttributes = {
					F86DABC51962EB2200084C2D = {
						DevelopmentTeam = 6222TZ824C;
					};
					F86DABE61962EB2200084C2D = {
						TestTargetID = F86DABC51962EB2200084C2D;
					};
				};
			};
			buildConfigurationList = F86DABC11962EB2200084C2D /* Build configuration list for PBXProject "Out of the World 1" */;
			compatibilityVersion = "Xcode 3.2";
			developmentRegion = English;
			hasScannedForEncodings = 0;
			knownRegions = (
				en,
				Base,
			);
			mainGroup = F86DABBD1962EB2200084C2D;
			productRefGroup = F86DABC71962EB2200084C2D /* Products */;
			projectDirPath = "";
			projectRoot = "";
			targets = (
				F86DABC51962EB2200084C2D /* Out of the World 1 */,
				F86DABE61962EB2200084C2D /* Out of the World 1Tests */,
			);
		};
/* End PBXProject section */

/* Begin PBXResourcesBuildPhase section */
		F86DABC41962EB2200084C2D /* Resources */ = {
			isa = PBXResourcesBuildPhase;
			buildActionMask = 2147483647;
			files = (
				F8AE2F371963016800BE6FA6 /* Earth.jpg in Resources */,
				F5D9F6651A20B4F000F46104 /* 220px-Om_svg.png in Resources */,
				F8AE2F401963016800BE6FA6 /* Venus.jpg in Resources */,
				F8AE2F3B1963016800BE6FA6 /* Mercury.jpg in Resources */,
				F8AE2F3E1963016800BE6FA6 /* Saturn.jpg in Resources */,
				F5D9F6601A20B41400F46104 /* Pause Symbol.png in Resources */,
				F8AE2F3F1963016800BE6FA6 /* Uranus.jpg in Resources */,
				F568DBDA1A8D3FB600987065 /* jsonscriptTeamCoordinators.php in Resources */,
				F5D9F6591A20900F00F46104 /* Lighting Strike and Thunder Sound Effect.mp3 in Resources */,
				F86DABE21962EB2200084C2D /* Images.xcassets in Resources */,
				F8AE2F3C1963016800BE6FA6 /* Neptune.jpg in Resources */,
				F8AE2F3A1963016800BE6FA6 /* Mars.jpg in Resources */,
				F5D9F6BB1A225B8100F46104 /* audioplayer_pause.png in Resources */,
				F5D9F6BA1A225B8100F46104 /* audioplayer_play.png in Resources */,
				F86DABD41962EB2200084C2D /* InfoPlist.strings in Resources */,
				F86DABDD1962EB2200084C2D /* Main.storyboard in Resources */,
				F8AE2F381963016800BE6FA6 /* EinsteinRing.jpg in Resources */,
				F8AE2F391963016800BE6FA6 /* Jupiter.jpg in Resources */,
				F5D9F6631A20B44300F46104 /* Hanuman.jpg in Resources */,
				F5D9F6781A2231A300F46104 /* Play.png in Resources */,
				F5D9F6611A20B41400F46104 /* Stop Symbol.png in Resources */,
				F8AE2F3D1963016800BE6FA6 /* Orion.jpg in Resources */,
			);
			runOnlyForDeploymentPostprocessing = 0;
		};
		F86DABE51962EB2200084C2D /* Resources */ = {
			isa = PBXResourcesBuildPhase;
			buildActionMask = 2147483647;
			files = (
				F86DABF31962EB2200084C2D /* InfoPlist.strings in Resources */,
			);
			runOnlyForDeploymentPostprocessing = 0;
		};
/* End PBXResourcesBuildPhase section */

/* Begin PBXSourcesBuildPhase section */
		F86DABC21962EB2200084C2D /* Sources */ = {
			isa = PBXSourcesBuildPhase;
			buildActionMask = 2147483647;
			files = (
				F8AE2F291962EC0000BE6FA6 /* OWOuterSpaceTableViewController.m in Sources */,
				F5D9F6741A20BC2A00F46104 /* OWAudioViewController.m in Sources */,
				F8AE2F431963019900BE6FA6 /* OWSpaceObject.m in Sources */,
				F86DABDA1962EB2200084C2D /* OWAppDelegate.m in Sources */,
				F5D9F6B51A224E2700F46104 /* OWAudioPlayer.m in Sources */,
				F86DABD61962EB2200084C2D /* main.m in Sources */,
				F8AE2F2C1962FBD000BE6FA6 /* AstronomicalData.m in Sources */,
				F5C56128196865B100E0E0C5 /* OWSpaceDataViewController.m in Sources */,
				F568DBD81A8D3CB800987065 /* OWTeamCoordinatorTableViewController.m in Sources */,
				F8AE2F461963220F00BE6FA6 /* OWSpaceImageViewController.m in Sources */,
				F568DBD51A8D39C000987065 /* TeamCoordinator.m in Sources */,
			);
			runOnlyForDeploymentPostprocessing = 0;
		};
		F86DABE31962EB2200084C2D /* Sources */ = {
			isa = PBXSourcesBuildPhase;
			buildActionMask = 2147483647;
			files = (
				F86DABF51962EB2200084C2D /* Out_of_the_WorldTests.m in Sources */,
			);
			runOnlyForDeploymentPostprocessing = 0;
		};
/* End PBXSourcesBuildPhase section */

/* Begin PBXTargetDependency section */
		F86DABED1962EB2200084C2D /* PBXTargetDependency */ = {
			isa = PBXTargetDependency;
			target = F86DABC51962EB2200084C2D /* Out of the World 1 */;
			targetProxy = F86DABEC1962EB2200084C2D /* PBXContainerItemProxy */;
		};
/* End PBXTargetDependency section */

/* Begin PBXVariantGroup section */
		F86DABD21962EB2200084C2D /* InfoPlist.strings */ = {
			isa = PBXVariantGroup;
			children = (
				F86DABD31962EB2200084C2D /* en */,
			);
			name = InfoPlist.strings;
			sourceTree = "<group>";
		};
		F86DABDB1962EB2200084C2D /* Main.storyboard */ = {
			isa = PBXVariantGroup;
			children = (
				F86DABDC1962EB2200084C2D /* Base */,
			);
			name = Main.storyboard;
			path = "Out of the World";
			sourceTree = "<group>";
		};
		F86DABF11962EB2200084C2D /* InfoPlist.strings */ = {
			isa = PBXVariantGroup;
			children = (
				F86DABF21962EB2200084C2D /* en */,
			);
			name = InfoPlist.strings;
			sourceTree = "<group>";
		};
/* End PBXVariantGroup section */

/* Begin XCBuildConfiguration section */
		F86DABF61962EB2200084C2D /* Debug */ = {
			isa = XCBuildConfiguration;
			buildSettings = {
				ALWAYS_SEARCH_USER_PATHS = NO;
				CLANG_CXX_LANGUAGE_STANDARD = "gnu++0x";
				CLANG_CXX_LIBRARY = "libc++";
				CLANG_ENABLE_MODULES = YES;
				CLANG_ENABLE_OBJC_ARC = YES;
				CLANG_WARN_BOOL_CONVERSION = YES;
				CLANG_WARN_CONSTANT_CONVERSION = YES;
				CLANG_WARN_DIRECT_OBJC_ISA_USAGE = YES_ERROR;
				CLANG_WARN_EMPTY_BODY = YES;
				CLANG_WARN_ENUM_CONVERSION = YES;
				CLANG_WARN_INT_CONVERSION = YES;
				CLANG_WARN_OBJC_ROOT_CLASS = YES_ERROR;
				CLANG_WARN__DUPLICATE_METHOD_MATCH = YES;
				"CODE_SIGN_IDENTITY[sdk=iphoneos*]" = "iPhone Developer";
				COPY_PHASE_STRIP = NO;
				GCC_C_LANGUAGE_STANDARD = gnu99;
				GCC_DYNAMIC_NO_PIC = NO;
				GCC_OPTIMIZATION_LEVEL = 0;
				GCC_PREPROCESSOR_DEFINITIONS = (
					"DEBUG=1",
					"$(inherited)",
				);
				GCC_SYMBOLS_PRIVATE_EXTERN = NO;
				GCC_WARN_64_TO_32_BIT_CONVERSION = YES;
				GCC_WARN_ABOUT_RETURN_TYPE = YES_ERROR;
				GCC_WARN_UNDECLARED_SELECTOR = YES;
				GCC_WARN_UNINITIALIZED_AUTOS = YES_AGGRESSIVE;
				GCC_WARN_UNUSED_FUNCTION = YES;
				GCC_WARN_UNUSED_VARIABLE = YES;
				IPHONEOS_DEPLOYMENT_TARGET = 7.1;
				ONLY_ACTIVE_ARCH = YES;
				SDKROOT = iphoneos;
			};
			name = Debug;
		};
		F86DABF71962EB2200084C2D /* Release */ = {
			isa = XCBuildConfiguration;
			buildSettings = {
				ALWAYS_SEARCH_USER_PATHS = NO;
				CLANG_CXX_LANGUAGE_STANDARD = "gnu++0x";
				CLANG_CXX_LIBRARY = "libc++";
				CLANG_ENABLE_MODULES = YES;
				CLANG_ENABLE_OBJC_ARC = YES;
				CLANG_WARN_BOOL_CONVERSION = YES;
				CLANG_WARN_CONSTANT_CONVERSION = YES;
				CLANG_WARN_DIRECT_OBJC_ISA_USAGE = YES_ERROR;
				CLANG_WARN_EMPTY_BODY = YES;
				CLANG_WARN_ENUM_CONVERSION = YES;
				CLANG_WARN_INT_CONVERSION = YES;
				CLANG_WARN_OBJC_ROOT_CLASS = YES_ERROR;
				CLANG_WARN__DUPLICATE_METHOD_MATCH = YES;
				"CODE_SIGN_IDENTITY[sdk=iphoneos*]" = "iPhone Developer";
				COPY_PHASE_STRIP = YES;
				ENABLE_NS_ASSERTIONS = NO;
				GCC_C_LANGUAGE_STANDARD = gnu99;
				GCC_WARN_64_TO_32_BIT_CONVERSION = YES;
				GCC_WARN_ABOUT_RETURN_TYPE = YES_ERROR;
				GCC_WARN_UNDECLARED_SELECTOR = YES;
				GCC_WARN_UNINITIALIZED_AUTOS = YES_AGGRESSIVE;
				GCC_WARN_UNUSED_FUNCTION = YES;
				GCC_WARN_UNUSED_VARIABLE = YES;
				IPHONEOS_DEPLOYMENT_TARGET = 7.1;
				SDKROOT = iphoneos;
				VALIDATE_PRODUCT = YES;
			};
			name = Release;
		};
		F86DABF91962EB2200084C2D /* Debug */ = {
			isa = XCBuildConfiguration;
			buildSettings = {
				ASSETCATALOG_COMPILER_APPICON_NAME = AppIcon;
				ASSETCATALOG_COMPILER_LAUNCHIMAGE_NAME = LaunchImage;
				CODE_SIGN_IDENTITY = "iPhone Developer";
				"CODE_SIGN_IDENTITY[sdk=iphoneos*]" = "iPhone Developer";
				GCC_PRECOMPILE_PREFIX_HEADER = YES;
				GCC_PREFIX_HEADER = "Out of the World/Out of the World 1-Prefix.pch";
				INFOPLIST_FILE = "Out of the World/Out of the World 1-Info.plist";
				PRODUCT_NAME = "Out of the World 1";
				PROVISIONING_PROFILE = "";
				WRAPPER_EXTENSION = app;
			};
			name = Debug;
		};
		F86DABFA1962EB2200084C2D /* Release */ = {
			isa = XCBuildConfiguration;
			buildSettings = {
				ASSETCATALOG_COMPILER_APPICON_NAME = AppIcon;
				ASSETCATALOG_COMPILER_LAUNCHIMAGE_NAME = LaunchImage;
				CODE_SIGN_IDENTITY = "iPhone Developer";
				"CODE_SIGN_IDENTITY[sdk=iphoneos*]" = "iPhone Developer";
				GCC_PRECOMPILE_PREFIX_HEADER = YES;
				GCC_PREFIX_HEADER = "Out of the World/Out of the World 1-Prefix.pch";
				INFOPLIST_FILE = "Out of the World/Out of the World 1-Info.plist";
				PRODUCT_NAME = "Out of the World 1";
				PROVISIONING_PROFILE = "";
				WRAPPER_EXTENSION = app;
			};
			name = Release;
		};
		F86DABFC1962EB2200084C2D /* Debug */ = {
			isa = XCBuildConfiguration;
			buildSettings = {
				BUNDLE_LOADER = "$(BUILT_PRODUCTS_DIR)/Out of the World.app/Out of the World";
				FRAMEWORK_SEARCH_PATHS = (
					"$(SDKROOT)/Developer/Library/Frameworks",
					"$(inherited)",
					"$(DEVELOPER_FRAMEWORKS_DIR)",
				);
				GCC_PRECOMPILE_PREFIX_HEADER = YES;
				GCC_PREFIX_HEADER = "Out of the World/Out of the World-Prefix.pch";
				GCC_PREPROCESSOR_DEFINITIONS = (
					"DEBUG=1",
					"$(inherited)",
				);
				INFOPLIST_FILE = "Out of the WorldTests/Out of the World 1Tests-Info.plist";
				PRODUCT_NAME = "Out of the World 1Tests";
				TEST_HOST = "$(BUNDLE_LOADER)";
				WRAPPER_EXTENSION = xctest;
			};
			name = Debug;
		};
		F86DABFD1962EB2200084C2D /* Release */ = {
			isa = XCBuildConfiguration;
			buildSettings = {
				BUNDLE_LOADER = "$(BUILT_PRODUCTS_DIR)/Out of the World.app/Out of the World";
				FRAMEWORK_SEARCH_PATHS = (
					"$(SDKROOT)/Developer/Library/Frameworks",
					"$(inherited)",
					"$(DEVELOPER_FRAMEWORKS_DIR)",
				);
				GCC_PRECOMPILE_PREFIX_HEADER = YES;
				GCC_PREFIX_HEADER = "Out of the World/Out of the World-Prefix.pch";
				INFOPLIST_FILE = "Out of the WorldTests/Out of the World 1Tests-Info.plist";
				PRODUCT_NAME = "Out of the World 1Tests";
				TEST_HOST = "$(BUNDLE_LOADER)";
				WRAPPER_EXTENSION = xctest;
			};
			name = Release;
		};
/* End XCBuildConfiguration section */

/* Begin XCConfigurationList section */
		F86DABC11962EB2200084C2D /* Build configuration list for PBXProject "Out of the World 1" */ = {
			isa = XCConfigurationList;
			buildConfigurations = (
				F86DABF61962EB2200084C2D /* Debug */,
				F86DABF71962EB2200084C2D /* Release */,
			);
			defaultConfigurationIsVisible = 0;
			defaultConfigurationName = Release;
		};
		F86DABF81962EB2200084C2D /* Build configuration list for PBXNativeTarget "Out of the World 1" */ = {
			isa = XCConfigurationList;
			buildConfigurations = (
				F86DABF91962EB2200084C2D /* Debug */,
				F86DABFA1962EB2200084C2D /* Release */,
			);
			defaultConfigurationIsVisible = 0;
			defaultConfigurationName = Release;
		};
		F86DABFB1962EB2200084C2D /* Build configuration list for PBXNativeTarget "Out of the World 1Tests" */ = {
			isa = XCConfigurationList;
			buildConfigurations = (
				F86DABFC1962EB2200084C2D /* Debug */,
				F86DABFD1962EB2200084C2D /* Release */,
			);
			defaultConfigurationIsVisible = 0;
			defaultConfigurationName = Release;
		};
/* End XCConfigurationList section */
	};
	rootObject = F86DABBE1962EB2200084C2D /* Project object */;
}
